{
  "nodes": {
    "colloid-gtk-theme": {
      "flake": false,
      "locked": {
        "lastModified": 1669829177,
        "narHash": "sha256-TP/d4Nlm5guUhPbtN4gw9JoamdnypCZZDLjXqGve+aY=",
        "owner": "vinceliuice",
        "repo": "Colloid-gtk-theme",
        "rev": "bba2e11c18f5b5a33ec60df0ed71345d429bacec",
        "type": "github"
      },
      "original": {
        "owner": "vinceliuice",
        "repo": "Colloid-gtk-theme",
        "type": "github"
      }
    },
    "dotdropFishComp": {
      "flake": false,
      "locked": {
        "narHash": "sha256-xHGp1586Tmmkp3rcSgJLzigql9pajD4YWGMzbM9OAeE=",
        "type": "file",
        "url": "https://raw.githubusercontent.com/deadc0de6/dotdrop/master/completion/dotdrop.fish"
      },
      "original": {
        "type": "file",
        "url": "https://raw.githubusercontent.com/deadc0de6/dotdrop/master/completion/dotdrop.fish"
      }
    },
    "firefox-vertical-tabs": {
      "flake": false,
      "locked": {
        "lastModified": 1669362993,
        "narHash": "sha256-G5vojdC6s3AWZTOLv1PCqEnIiJ9niqkEiluXVmpRhTI=",
        "owner": "ranmaru22",
        "repo": "firefox-vertical-tabs",
        "rev": "9c279f13fe57f7c8947c7ca9dc96184f4657c2bd",
        "type": "github"
      },
      "original": {
        "owner": "ranmaru22",
        "repo": "firefox-vertical-tabs",
        "type": "github"
      }
    },
    "flake-compat": {
      "flake": false,
      "locked": {
        "lastModified": 1668681692,
        "narHash": "sha256-Ht91NGdewz8IQLtWZ9LCeNXMSXHUss+9COoqu6JLmXU=",
        "owner": "edolstra",
        "repo": "flake-compat",
        "rev": "009399224d5e398d03b22badca40a37ac85412a1",
        "type": "github"
      },
      "original": {
        "owner": "edolstra",
        "repo": "flake-compat",
        "type": "github"
      }
    },
    "flake-parts": {
      "inputs": {
        "nixpkgs-lib": [
          "nixpkgs"
        ]
      },
      "locked": {
        "lastModified": 1668450977,
        "narHash": "sha256-cfLhMhnvXn6x1vPm+Jow3RiFAUSCw/l1utktCw5rVA4=",
        "owner": "hercules-ci",
        "repo": "flake-parts",
        "rev": "d591857e9d7dd9ddbfba0ea02b43b927c3c0f1fa",
        "type": "github"
      },
      "original": {
        "owner": "hercules-ci",
        "repo": "flake-parts",
        "type": "github"
      }
    },
    "home-manager": {
      "inputs": {
        "nixpkgs": [
          "nixpkgs"
        ],
        "utils": "utils"
      },
      "locked": {
        "lastModified": 1670114801,
        "narHash": "sha256-kqnh+bR/5xP9SEtaRwuFq4CPDYs3MdSHX3XWRG2cuZA=",
        "owner": "Weathercold",
        "repo": "home-manager",
        "rev": "05f75733bff2497231cde925ab25b84247e0efd8",
        "type": "github"
      },
      "original": {
        "owner": "Weathercold",
        "ref": "fix",
        "repo": "home-manager",
        "type": "github"
      }
    },
    "nixos-hardware": {
      "locked": {
        "lastModified": 1669650994,
        "narHash": "sha256-uwASLUfedIQ5q01TtMwZDEV2HCZr5nVPZjzVgCG+D5I=",
        "owner": "NixOS",
        "repo": "nixos-hardware",
        "rev": "7883883d135ce5b7eae5dce4bfa12262b85c1c46",
        "type": "github"
      },
      "original": {
        "owner": "NixOS",
        "repo": "nixos-hardware",
        "type": "github"
      }
    },
    "nixpkgs": {
      "locked": {
        "lastModified": 1669969257,
        "narHash": "sha256-mOS13sK3v+kfgP+1Mh56ohiG8uVhLHAo7m/q9kqAehc=",
        "owner": "NixOS",
        "repo": "nixpkgs",
        "rev": "b72b8b94cf0c012b0252a9100a636cad69696666",
        "type": "github"
      },
      "original": {
        "owner": "NixOS",
        "ref": "nixos-unstable",
        "repo": "nixpkgs",
        "type": "github"
      }
    },
    "nur": {
      "locked": {
        "lastModified": 1669805596,
        "narHash": "sha256-g1CPQZ+1jGhY4bsjppk+gH5jfzzqmPlqGHg0zSYS3Hw=",
        "owner": "nix-community",
        "repo": "NUR",
        "rev": "c81b1e527f3a220abfa9bf8096153d52784c5007",
        "type": "github"
      },
      "original": {
        "id": "nur",
        "type": "indirect"
      }
    },
    "root": {
      "inputs": {
        "colloid-gtk-theme": "colloid-gtk-theme",
        "dotdropFishComp": "dotdropFishComp",
        "firefox-vertical-tabs": "firefox-vertical-tabs",
        "flake-compat": "flake-compat",
        "flake-parts": "flake-parts",
        "home-manager": "home-manager",
        "nixos-hardware": "nixos-hardware",
        "nixpkgs": "nixpkgs",
        "nur": "nur"
      }
    },
    "utils": {
      "locked": {
        "lastModified": 1667395993,
        "narHash": "sha256-nuEHfE/LcWyuSWnS8t12N1wc105Qtau+/OdUAjtQ0rA=",
        "owner": "numtide",
        "repo": "flake-utils",
        "rev": "5aed5285a952e0b949eb3ba02c12fa4fcfef535f",
        "type": "github"
      },
      "original": {
        "owner": "numtide",
        "repo": "flake-utils",
        "type": "github"
      }
    }
  },
  "root": "root",
  "version": 7
}
