{
  "nodes": {
    "colloid-gtk-theme": {
      "flake": false,
      "locked": {
        "lastModified": 1671110407,
        "narHash": "sha256-YvCmmvSF4TlXMiZX5VL2VyCDjpGla4H2519WuIq7CAQ=",
        "owner": "vinceliuice",
        "repo": "Colloid-gtk-theme",
        "rev": "257ccd4549b1c6a90c187568ceefb606fad09411",
        "type": "github"
      },
      "original": {
        "owner": "vinceliuice",
        "repo": "Colloid-gtk-theme",
        "type": "github"
      }
    },
    "dotdropFishComp": {
      "flake": false,
      "locked": {
        "narHash": "sha256-xHGp1586Tmmkp3rcSgJLzigql9pajD4YWGMzbM9OAeE=",
        "type": "file",
        "url": "https://raw.githubusercontent.com/deadc0de6/dotdrop/master/completion/dotdrop.fish"
      },
      "original": {
        "type": "file",
        "url": "https://raw.githubusercontent.com/deadc0de6/dotdrop/master/completion/dotdrop.fish"
      }
    },
    "firefox-vertical-tabs": {
      "flake": false,
      "locked": {
        "lastModified": 1670486566,
        "narHash": "sha256-dyfeMx/kVU2Eokx5ZBx5IbP2wCK8+isZ2oCmczu5SAw=",
        "owner": "ranmaru22",
        "repo": "firefox-vertical-tabs",
        "rev": "a3b22e780d8f87d18adecde2af65038b8d20183e",
        "type": "github"
      },
      "original": {
        "owner": "ranmaru22",
        "repo": "firefox-vertical-tabs",
        "type": "github"
      }
    },
    "flake-compat": {
      "flake": false,
      "locked": {
        "lastModified": 1668681692,
        "narHash": "sha256-Ht91NGdewz8IQLtWZ9LCeNXMSXHUss+9COoqu6JLmXU=",
        "owner": "edolstra",
        "repo": "flake-compat",
        "rev": "009399224d5e398d03b22badca40a37ac85412a1",
        "type": "github"
      },
      "original": {
        "owner": "edolstra",
        "repo": "flake-compat",
        "type": "github"
      }
    },
    "flake-parts": {
      "inputs": {
        "nixpkgs-lib": [
          "nixpkgs"
        ]
      },
      "locked": {
        "lastModified": 1671322946,
        "narHash": "sha256-J8Qj+ITV+eti+irTK9Zn2LZVYoIW2g7irPUckU8yZvU=",
        "owner": "hercules-ci",
        "repo": "flake-parts",
        "rev": "3f7172646953bf86dad5953bc45f0edae62ac445",
        "type": "github"
      },
      "original": {
        "owner": "hercules-ci",
        "repo": "flake-parts",
        "type": "github"
      }
    },
    "home-manager": {
      "inputs": {
        "nixpkgs": [
          "nixpkgs"
        ],
        "utils": "utils"
      },
      "locked": {
        "lastModified": 1671075650,
        "narHash": "sha256-aRuOVxUKHIF3Q7XM8NRH74iuX7P0zlYTYI0v0YQ3Y1c=",
        "owner": "Weathercold",
        "repo": "home-manager",
        "rev": "efcd04075a44548ee6658102fd18356c0dbcedca",
        "type": "github"
      },
      "original": {
        "owner": "Weathercold",
        "repo": "home-manager",
        "type": "github"
      }
    },
    "nixos-hardware": {
      "locked": {
        "lastModified": 1671228065,
        "narHash": "sha256-Az/ig9LVL5xdqtyl4/CVKJIH1G7sP/9Ott2XnNyie0E=",
        "owner": "NixOS",
        "repo": "nixos-hardware",
        "rev": "e462a4baf75eeac639b4942481759de08a3bc94e",
        "type": "github"
      },
      "original": {
        "owner": "NixOS",
        "repo": "nixos-hardware",
        "type": "github"
      }
    },
    "nixpkgs": {
      "locked": {
        "lastModified": 1671271357,
        "narHash": "sha256-xRJdLbWK4v2SewmSStYrcLa0YGJpleufl44A19XSW8k=",
        "owner": "NixOS",
        "repo": "nixpkgs",
        "rev": "40f79f003b6377bd2f4ed4027dde1f8f922995dd",
        "type": "github"
      },
      "original": {
        "owner": "NixOS",
        "ref": "nixos-unstable",
        "repo": "nixpkgs",
        "type": "github"
      }
    },
    "nur": {
      "locked": {
        "lastModified": 1671337747,
        "narHash": "sha256-wIiTS4GebkbhyL+WYl8U3TcmLGwpQuv0/z1PEdno7W0=",
        "owner": "nix-community",
        "repo": "NUR",
        "rev": "ccf9b872a81ec4ba8f79fd8e6c0b6f87a2548c20",
        "type": "github"
      },
      "original": {
        "id": "nur",
        "type": "indirect"
      }
    },
    "root": {
      "inputs": {
        "colloid-gtk-theme": "colloid-gtk-theme",
        "dotdropFishComp": "dotdropFishComp",
        "firefox-vertical-tabs": "firefox-vertical-tabs",
        "flake-compat": "flake-compat",
        "flake-parts": "flake-parts",
        "home-manager": "home-manager",
        "nixos-hardware": "nixos-hardware",
        "nixpkgs": "nixpkgs",
        "nur": "nur"
      }
    },
    "utils": {
      "locked": {
        "lastModified": 1667395993,
        "narHash": "sha256-nuEHfE/LcWyuSWnS8t12N1wc105Qtau+/OdUAjtQ0rA=",
        "owner": "numtide",
        "repo": "flake-utils",
        "rev": "5aed5285a952e0b949eb3ba02c12fa4fcfef535f",
        "type": "github"
      },
      "original": {
        "owner": "numtide",
        "repo": "flake-utils",
        "type": "github"
      }
    }
  },
  "root": "root",
  "version": 7
}
