{
  "nodes": {
    "bocchi-cursors": {
      "inputs": {
        "flake-parts": [
          "flake-parts"
        ],
        "nixpkgs": [
          "nixpkgs"
        ]
      },
      "locked": {
        "lastModified": 1685287678,
        "narHash": "sha256-WetyYkbViF9u6e4jQx48TTDDBpEjromKIn0AICCOWws=",
        "owner": "Weathercold",
        "repo": "Bocchi-Cursors",
        "rev": "ac98b93ccc687b83740081e1c1ce2106b9407871",
        "type": "github"
      },
      "original": {
        "owner": "Weathercold",
        "repo": "Bocchi-Cursors",
        "type": "github"
      }
    },
    "catppuccin-discord": {
      "flake": false,
      "locked": {
        "narHash": "sha256-NI6FKN/n2RRYgoQHj3cWK0uw4dagTBVO1IE3y1ZreUM=",
        "type": "file",
        "url": "https://catppuccin.github.io/discord/dist/catppuccin-latte-blue.theme.css"
      },
      "original": {
        "type": "file",
        "url": "https://catppuccin.github.io/discord/dist/catppuccin-latte-blue.theme.css"
      }
    },
    "catppuccin-fcitx5": {
      "flake": false,
      "locked": {
        "lastModified": 1664946380,
        "narHash": "sha256-uFaCbyrEjv4oiKUzLVFzw+UY54/h7wh2cntqeyYwGps=",
        "owner": "catppuccin",
        "repo": "fcitx5",
        "rev": "ce244cfdf43a648d984719fdfd1d60aab09f5c97",
        "type": "github"
      },
      "original": {
        "owner": "catppuccin",
        "repo": "fcitx5",
        "type": "github"
      }
    },
    "colloid-gtk-theme": {
      "flake": false,
      "locked": {
        "lastModified": 1686990632,
        "narHash": "sha256-iqWKeten/nJM2Hb+rDxhowmEHg6g+4tGIRIhS0n9Plo=",
        "owner": "vinceliuice",
        "repo": "Colloid-gtk-theme",
        "rev": "fba46b34e0307ef5dd4fb0e35599f512aef0e1ec",
        "type": "github"
      },
      "original": {
        "owner": "vinceliuice",
        "repo": "Colloid-gtk-theme",
        "type": "github"
      }
    },
    "flake-parts": {
      "inputs": {
        "nixpkgs-lib": [
          "nixpkgs"
        ]
      },
      "locked": {
        "lastModified": 1685662779,
        "narHash": "sha256-cKDDciXGpMEjP1n6HlzKinN0H+oLmNpgeCTzYnsA2po=",
        "owner": "hercules-ci",
        "repo": "flake-parts",
        "rev": "71fb97f0d875fd4de4994dfb849f2c75e17eb6c3",
        "type": "github"
      },
      "original": {
        "owner": "hercules-ci",
        "repo": "flake-parts",
        "type": "github"
      }
    },
    "home-manager": {
      "inputs": {
        "nixpkgs": [
          "nixpkgs"
        ]
      },
      "locked": {
        "lastModified": 1687203326,
        "narHash": "sha256-KBBVGnrWMeeiy4COmCJ7uvctZJksaJbtps39Cs3bV0k=",
        "owner": "Weathercold",
        "repo": "home-manager",
        "rev": "7c3469412932addeedc45dc268dd1a3e21c8812b",
        "type": "github"
      },
      "original": {
        "owner": "Weathercold",
        "repo": "home-manager",
        "type": "github"
      }
    },
    "nixpkgs": {
      "locked": {
        "lastModified": 1686960236,
        "narHash": "sha256-AYCC9rXNLpUWzD9hm+askOfpliLEC9kwAo7ITJc4HIw=",
        "owner": "NixOS",
        "repo": "nixpkgs",
        "rev": "04af42f3b31dba0ef742d254456dc4c14eedac86",
        "type": "github"
      },
      "original": {
        "owner": "NixOS",
        "ref": "nixos-unstable",
        "repo": "nixpkgs",
        "type": "github"
      }
    },
    "root": {
      "inputs": {
        "bocchi-cursors": "bocchi-cursors",
        "catppuccin-discord": "catppuccin-discord",
        "catppuccin-fcitx5": "catppuccin-fcitx5",
        "colloid-gtk-theme": "colloid-gtk-theme",
        "flake-parts": "flake-parts",
        "home-manager": "home-manager",
        "nixpkgs": "nixpkgs"
      }
    }
  },
  "root": "root",
  "version": 7
}
