{
  "nodes": {
    "colloid-gtk-theme": {
      "flake": false,
      "locked": {
        "lastModified": 1670472374,
        "narHash": "sha256-e7QhKNrX7zHoS74sn5ihkGpd8zrBq/N7Wm7P+v4ljzA=",
        "owner": "vinceliuice",
        "repo": "Colloid-gtk-theme",
        "rev": "5b08fdbf1cedf05757341745245968b4b2a83712",
        "type": "github"
      },
      "original": {
        "owner": "vinceliuice",
        "repo": "Colloid-gtk-theme",
        "type": "github"
      }
    },
    "dotdropFishComp": {
      "flake": false,
      "locked": {
        "narHash": "sha256-xHGp1586Tmmkp3rcSgJLzigql9pajD4YWGMzbM9OAeE=",
        "type": "file",
        "url": "https://raw.githubusercontent.com/deadc0de6/dotdrop/master/completion/dotdrop.fish"
      },
      "original": {
        "type": "file",
        "url": "https://raw.githubusercontent.com/deadc0de6/dotdrop/master/completion/dotdrop.fish"
      }
    },
    "firefox-vertical-tabs": {
      "flake": false,
      "locked": {
        "lastModified": 1670486566,
        "narHash": "sha256-dyfeMx/kVU2Eokx5ZBx5IbP2wCK8+isZ2oCmczu5SAw=",
        "owner": "ranmaru22",
        "repo": "firefox-vertical-tabs",
        "rev": "a3b22e780d8f87d18adecde2af65038b8d20183e",
        "type": "github"
      },
      "original": {
        "owner": "ranmaru22",
        "repo": "firefox-vertical-tabs",
        "type": "github"
      }
    },
    "flake-parts": {
      "inputs": {
        "nixpkgs-lib": [
          "nixpkgs"
        ]
      },
      "locked": {
        "lastModified": 1670441596,
        "narHash": "sha256-+T487QnluBT5F9tVk0chG/zzv+9zzTrx3o7rlOBK7ps=",
        "owner": "hercules-ci",
        "repo": "flake-parts",
        "rev": "8d0e2444ab05f79df93b70e5e497f8c708eb6b9b",
        "type": "github"
      },
      "original": {
        "owner": "hercules-ci",
        "repo": "flake-parts",
        "type": "github"
      }
    },
    "home-manager": {
      "inputs": {
        "nixpkgs": [
          "nixpkgs"
        ],
        "utils": "utils"
      },
      "locked": {
        "lastModified": 1670164281,
        "narHash": "sha256-R9yx+EK1CBq3kEXp4vOhi4dbQ7H01MZx2qFATXHsjSM=",
        "owner": "Weathercold",
        "repo": "home-manager",
        "rev": "d9be118fb9c99bc3a2cbfead3dea3318eb0b6853",
        "type": "github"
      },
      "original": {
        "owner": "Weathercold",
        "repo": "home-manager",
        "type": "github"
      }
    },
    "nixfiles-lib": {
      "inputs": {
        "nixpkgs-lib": "nixpkgs-lib"
      },
      "locked": {
        "dir": "lib",
        "lastModified": 1670544500,
        "narHash": "sha256-WJprJZzD61Odx4KIvZt3k3bdqGcdmnWlCcgObofrxfE=",
        "owner": "Weathercold",
        "repo": "nixfiles",
        "rev": "9b8792d1a60d7f88123ac2908bd0433de48173e2",
        "type": "github"
      },
      "original": {
        "dir": "lib",
        "owner": "Weathercold",
        "repo": "nixfiles",
        "type": "github"
      }
    },
    "nixpkgs": {
      "locked": {
        "lastModified": 1670332253,
        "narHash": "sha256-O5SmhlIUt1s+vK4NXeGYqwcBIMwbBPAEZ3GHE3XT28c=",
        "owner": "NixOS",
        "repo": "nixpkgs",
        "rev": "1c9ffcf70786f0966982ce0fc76ec05df2e1dec2",
        "type": "github"
      },
      "original": {
        "owner": "NixOS",
        "ref": "nixos-unstable",
        "repo": "nixpkgs",
        "type": "github"
      }
    },
    "nixpkgs-lib": {
      "locked": {
        "dir": "lib",
        "lastModified": 1669320964,
        "narHash": "sha256-EBFw+ge12Pcr3qCk8If3/eMBAoQLR7ytndXZoRevUtM=",
        "owner": "NixOS",
        "repo": "nixpkgs",
        "rev": "27ccd29078f974ddbdd7edc8e38c8c8ae003c877",
        "type": "github"
      },
      "original": {
        "dir": "lib",
        "owner": "NixOS",
        "ref": "nixos-unstable",
        "repo": "nixpkgs",
        "type": "github"
      }
    },
    "root": {
      "inputs": {
        "colloid-gtk-theme": "colloid-gtk-theme",
        "dotdropFishComp": "dotdropFishComp",
        "firefox-vertical-tabs": "firefox-vertical-tabs",
        "flake-parts": "flake-parts",
        "home-manager": "home-manager",
        "nixfiles-lib": "nixfiles-lib",
        "nixpkgs": "nixpkgs"
      }
    },
    "utils": {
      "locked": {
        "lastModified": 1667395993,
        "narHash": "sha256-nuEHfE/LcWyuSWnS8t12N1wc105Qtau+/OdUAjtQ0rA=",
        "owner": "numtide",
        "repo": "flake-utils",
        "rev": "5aed5285a952e0b949eb3ba02c12fa4fcfef535f",
        "type": "github"
      },
      "original": {
        "owner": "numtide",
        "repo": "flake-utils",
        "type": "github"
      }
    }
  },
  "root": "root",
  "version": 7
}
