{
  "nodes": {
    "bocchi-cursors": {
      "inputs": {
        "flake-parts": [
          "flake-parts"
        ],
        "nixpkgs": [
          "nixpkgs"
        ]
      },
      "locked": {
        "lastModified": 1685287678,
        "narHash": "sha256-WetyYkbViF9u6e4jQx48TTDDBpEjromKIn0AICCOWws=",
        "owner": "Weathercold",
        "repo": "Bocchi-Cursors",
        "rev": "ac98b93ccc687b83740081e1c1ce2106b9407871",
        "type": "github"
      },
      "original": {
        "owner": "Weathercold",
        "repo": "Bocchi-Cursors",
        "type": "github"
      }
    },
    "catppuccin-discord": {
      "flake": false,
      "locked": {
        "narHash": "sha256-NI6FKN/n2RRYgoQHj3cWK0uw4dagTBVO1IE3y1ZreUM=",
        "type": "file",
        "url": "https://catppuccin.github.io/discord/dist/catppuccin-latte-blue.theme.css"
      },
      "original": {
        "type": "file",
        "url": "https://catppuccin.github.io/discord/dist/catppuccin-latte-blue.theme.css"
      }
    },
    "catppuccin-fcitx5": {
      "flake": false,
      "locked": {
        "lastModified": 1664946380,
        "narHash": "sha256-uFaCbyrEjv4oiKUzLVFzw+UY54/h7wh2cntqeyYwGps=",
        "owner": "catppuccin",
        "repo": "fcitx5",
        "rev": "ce244cfdf43a648d984719fdfd1d60aab09f5c97",
        "type": "github"
      },
      "original": {
        "owner": "catppuccin",
        "repo": "fcitx5",
        "type": "github"
      }
    },
    "colloid-gtk-theme": {
      "flake": false,
      "locked": {
        "lastModified": 1685415693,
        "narHash": "sha256-4vtgihiX7J7ipJ0w0KwoAqpLKrCe9i/s46pLQjY4CTM=",
        "owner": "vinceliuice",
        "repo": "Colloid-gtk-theme",
        "rev": "fac1f9207134e4dde4ea93a1053c7a2972961496",
        "type": "github"
      },
      "original": {
        "owner": "vinceliuice",
        "repo": "Colloid-gtk-theme",
        "type": "github"
      }
    },
    "dotdropFishComp": {
      "flake": false,
      "locked": {
        "narHash": "sha256-xHGp1586Tmmkp3rcSgJLzigql9pajD4YWGMzbM9OAeE=",
        "type": "file",
        "url": "https://raw.githubusercontent.com/deadc0de6/dotdrop/master/completion/dotdrop.fish"
      },
      "original": {
        "type": "file",
        "url": "https://raw.githubusercontent.com/deadc0de6/dotdrop/master/completion/dotdrop.fish"
      }
    },
    "firefox-vertical-tabs": {
      "flake": false,
      "locked": {
        "lastModified": 1685078435,
        "narHash": "sha256-59/G2QSv4is1eL8ipGMt4/+h6gMSuDn2ztPpgiAIm48=",
        "owner": "ranmaru22",
        "repo": "firefox-vertical-tabs",
        "rev": "91501dbc24a0c090d822122fd0b39d8fa13bebbf",
        "type": "github"
      },
      "original": {
        "owner": "ranmaru22",
        "repo": "firefox-vertical-tabs",
        "type": "github"
      }
    },
    "flake-parts": {
      "inputs": {
        "nixpkgs-lib": [
          "nixpkgs"
        ]
      },
      "locked": {
        "lastModified": 1685662779,
        "narHash": "sha256-cKDDciXGpMEjP1n6HlzKinN0H+oLmNpgeCTzYnsA2po=",
        "owner": "hercules-ci",
        "repo": "flake-parts",
        "rev": "71fb97f0d875fd4de4994dfb849f2c75e17eb6c3",
        "type": "github"
      },
      "original": {
        "owner": "hercules-ci",
        "repo": "flake-parts",
        "type": "github"
      }
    },
    "home-manager": {
      "inputs": {
        "nixpkgs": [
          "nixpkgs"
        ]
      },
      "locked": {
        "lastModified": 1686347721,
        "narHash": "sha256-/PA4BhWGG1yeLgAdvgQQFqVQ4kwYBi7wGeLvYaGEMr4=",
        "owner": "Weathercold",
        "repo": "home-manager",
        "rev": "1cc2e888a5eacc59133c94d7ebeb8ce0fda28ceb",
        "type": "github"
      },
      "original": {
        "owner": "Weathercold",
        "repo": "home-manager",
        "type": "github"
      }
    },
    "nixpkgs": {
      "locked": {
        "lastModified": 1686226982,
        "narHash": "sha256-nLuiPoeiVfqqzeq9rmXxpybh77VS37dsY/k8N2LoxVg=",
        "owner": "NixOS",
        "repo": "nixpkgs",
        "rev": "a64b73e07d4aa65cfcbda29ecf78eaf9e72e44bd",
        "type": "github"
      },
      "original": {
        "owner": "NixOS",
        "ref": "nixos-unstable",
        "repo": "nixpkgs",
        "type": "github"
      }
    },
    "root": {
      "inputs": {
        "bocchi-cursors": "bocchi-cursors",
        "catppuccin-discord": "catppuccin-discord",
        "catppuccin-fcitx5": "catppuccin-fcitx5",
        "colloid-gtk-theme": "colloid-gtk-theme",
        "dotdropFishComp": "dotdropFishComp",
        "firefox-vertical-tabs": "firefox-vertical-tabs",
        "flake-parts": "flake-parts",
        "home-manager": "home-manager",
        "nixpkgs": "nixpkgs"
      }
    }
  },
  "root": "root",
  "version": 7
}
