{
  "nodes": {
    "nixpkgs-lib": {
      "locked": {
        "dir": "lib",
        "lastModified": 1671271357,
        "narHash": "sha256-xRJdLbWK4v2SewmSStYrcLa0YGJpleufl44A19XSW8k=",
        "owner": "NixOS",
        "repo": "nixpkgs",
        "rev": "40f79f003b6377bd2f4ed4027dde1f8f922995dd",
        "type": "github"
      },
      "original": {
        "dir": "lib",
        "owner": "NixOS",
        "ref": "nixos-unstable",
        "repo": "nixpkgs",
        "type": "github"
      }
    },
    "root": {
      "inputs": {
        "nixpkgs-lib": "nixpkgs-lib"
      }
    }
  },
  "root": "root",
  "version": 7
}
